// !$*UTF8*$!
{
	archiveVersion = 1;
	classes = {
	};
	objectVersion = 46;
	objects = {

/* Begin PBXBuildFile section */
		623615F61D9064080024082F /* main.m in Sources */ = {isa = PBXBuildFile; fileRef = 623615F51D9064080024082F /* main.m */; };
		623615F91D9064090024082F /* AppDelegate.m in Sources */ = {isa = PBXBuildFile; fileRef = 623615F81D9064080024082F /* AppDelegate.m */; };
		623615FC1D9064090024082F /* ViewController.m in Sources */ = {isa = PBXBuildFile; fileRef = 623615FB1D9064090024082F /* ViewController.m */; };
		623615FF1D9064090024082F /* Main.storyboard in Resources */ = {isa = PBXBuildFile; fileRef = 623615FD1D9064090024082F /* Main.storyboard */; };
		623616011D9064090024082F /* Assets.xcassets in Resources */ = {isa = PBXBuildFile; fileRef = 623616001D9064090024082F /* Assets.xcassets */; };
		623616041D9064090024082F /* LaunchScreen.storyboard in Resources */ = {isa = PBXBuildFile; fileRef = 623616021D9064090024082F /* LaunchScreen.storyboard */; };
		6236160C1D90668B0024082F /* Images.xcassets in Resources */ = {isa = PBXBuildFile; fileRef = 6236160B1D90668B0024082F /* Images.xcassets */; };
		6236160F1D907EA70024082F /* DetailViewController.m in Sources */ = {isa = PBXBuildFile; fileRef = 6236160E1D907EA70024082F /* DetailViewController.m */; };
/* End PBXBuildFile section */

/* Begin PBXFileReference section */
		623615F11D9064080024082F /* ScrollViewImageGalleries.app */ = {isa = PBXFileReference; explicitFileType = wrapper.application; includeInIndex = 0; path = ScrollViewImageGalleries.app; sourceTree = BUILT_PRODUCTS_DIR; };
		623615F51D9064080024082F /* main.m */ = {isa = PBXFileReference; lastKnownFileType = sourcecode.c.objc; path = main.m; sourceTree = "<group>"; };
		623615F71D9064080024082F /* AppDelegate.h */ = {isa = PBXFileReference; lastKnownFileType = sourcecode.c.h; path = AppDelegate.h; sourceTree = "<group>"; };
		623615F81D9064080024082F /* AppDelegate.m */ = {isa = PBXFileReference; lastKnownFileType = sourcecode.c.objc; path = AppDelegate.m; sourceTree = "<group>"; };
		623615FA1D9064090024082F /* ViewController.h */ = {isa = PBXFileReference; lastKnownFileType = sourcecode.c.h; path = ViewController.h; sourceTree = "<group>"; };
		623615FB1D9064090024082F /* ViewController.m */ = {isa = PBXFileReference; lastKnownFileType = sourcecode.c.objc; path = ViewController.m; sourceTree = "<group>"; };
		623615FE1D9064090024082F /* Base */ = {isa = PBXFileReference; lastKnownFileType = file.storyboard; name = Base; path = Base.lproj/Main.storyboard; sourceTree = "<group>"; };
		623616001D9064090024082F /* Assets.xcassets */ = {isa = PBXFileReference; lastKnownFileType = folder.assetcatalog; path = Assets.xcassets; sourceTree = "<group>"; };
		623616031D9064090024082F /* Base */ = {isa = PBXFileReference; lastKnownFileType = file.storyboard; name = Base; path = Base.lproj/LaunchScreen.storyboard; sourceTree = "<group>"; };
		623616051D9064090024082F /* Info.plist */ = {isa = PBXFileReference; lastKnownFileType = text.plist.xml; path = Info.plist; sourceTree = "<group>"; };
		6236160B1D90668B0024082F /* Images.xcassets */ = {isa = PBXFileReference; lastKnownFileType = folder.assetcatalog; path = Images.xcassets; sourceTree = "<group>"; };
		6236160D1D907EA70024082F /* DetailViewController.h */ = {isa = PBXFileReference; fileEncoding = 4; lastKnownFileType = sourcecode.c.h; path = DetailViewController.h; sourceTree = "<group>"; };
		6236160E1D907EA70024082F /* DetailViewController.m */ = {isa = PBXFileReference; fileEncoding = 4; lastKnownFileType = sourcecode.c.objc; path = DetailViewController.m; sourceTree = "<group>"; };
/* End PBXFileReference section */

/* Begin PBXFrameworksBuildPhase section */
		623615EE1D9064080024082F /* Frameworks */ = {
			isa = PBXFrameworksBuildPhase;
			buildActionMask = 2147483647;
			files = (
			);
			runOnlyForDeploymentPostprocessing = 0;
		};
/* End PBXFrameworksBuildPhase section */

/* Begin PBXGroup section */
		623615E81D9064080024082F = {
			isa = PBXGroup;
			children = (
				623615F31D9064080024082F /* ScrollViewImageGalleries */,
				623615F21D9064080024082F /* Products */,
			);
			sourceTree = "<group>";
		};
		623615F21D9064080024082F /* Products */ = {
			isa = PBXGroup;
			children = (
				623615F11D9064080024082F /* ScrollViewImageGalleries.app */,
			);
			name = Products;
			sourceTree = "<group>";
		};
		623615F31D9064080024082F /* ScrollViewImageGalleries */ = {
			isa = PBXGroup;
			children = (
				623615F71D9064080024082F /* AppDelegate.h */,
				623615F81D9064080024082F /* AppDelegate.m */,
				623615FA1D9064090024082F /* ViewController.h */,
				623615FB1D9064090024082F /* ViewController.m */,
				6236160D1D907EA70024082F /* DetailViewController.h */,
				6236160E1D907EA70024082F /* DetailViewController.m */,
				623615FD1D9064090024082F /* Main.storyboard */,
				623616001D9064090024082F /* Assets.xcassets */,
				6236160B1D90668B0024082F /* Images.xcassets */,
				623616021D9064090024082F /* LaunchScreen.storyboard */,
				623616051D9064090024082F /* Info.plist */,
				623615F41D9064080024082F /* Supporting Files */,
			);
			path = ScrollViewImageGalleries;
			sourceTree = "<group>";
		};
		623615F41D9064080024082F /* Supporting Files */ = {
			isa = PBXGroup;
			children = (
				623615F51D9064080024082F /* main.m */,
			);
			name = "Supporting Files";
			sourceTree = "<group>";
		};
/* End PBXGroup section */

/* Begin PBXNativeTarget section */
		623615F01D9064080024082F /* ScrollViewImageGalleries */ = {
			isa = PBXNativeTarget;
			buildConfigurationList = 623616081D9064090024082F /* Build configuration list for PBXNativeTarget "ScrollViewImageGalleries" */;
			buildPhases = (
				623615ED1D9064080024082F /* Sources */,
				623615EE1D9064080024082F /* Frameworks */,
				623615EF1D9064080024082F /* Resources */,
			);
			buildRules = (
			);
			dependencies = (
			);
			name = ScrollViewImageGalleries;
			productName = ScrollViewImageGalleries;
			productReference = 623615F11D9064080024082F /* ScrollViewImageGalleries.app */;
			productType = "com.apple.product-type.application";
		};
/* End PBXNativeTarget section */

/* Begin PBXProject section */
		623615E91D9064080024082F /* Project object */ = {
			isa = PBXProject;
			attributes = {
				LastUpgradeCheck = 0730;
				ORGANIZATIONNAME = Cornelius.Media;
				TargetAttributes = {
					623615F01D9064080024082F = {
						CreatedOnToolsVersion = 7.3.1;
					};
				};
			};
			buildConfigurationList = 623615EC1D9064080024082F /* Build configuration list for PBXProject "ScrollViewImageGalleries" */;
			compatibilityVersion = "Xcode 3.2";
			developmentRegion = English;
			hasScannedForEncodings = 0;
			knownRegions = (
				en,
				Base,
			);
			mainGroup = 623615E81D9064080024082F;
			productRefGroup = 623615F21D9064080024082F /* Products */;
			projectDirPath = "";
			projectRoot = "";
			targets = (
				623615F01D9064080024082F /* ScrollViewImageGalleries */,
			);
		};
/* End PBXProject section */

/* Begin PBXResourcesBuildPhase section */
		623615EF1D9064080024082F /* Resources */ = {
			isa = PBXResourcesBuildPhase;
			buildActionMask = 2147483647;
			files = (
				623616041D9064090024082F /* LaunchScreen.storyboard in Resources */,
				6236160C1D90668B0024082F /* Images.xcassets in Resources */,
				623616011D9064090024082F /* Assets.xcassets in Resources */,
				623615FF1D9064090024082F /* Main.storyboard in Resources */,
			);
			runOnlyForDeploymentPostprocessing = 0;
		};
/* End PBXResourcesBuildPhase section */

/* Begin PBXSourcesBuildPhase section */
		623615ED1D9064080024082F /* Sources */ = {
			isa = PBXSourcesBuildPhase;
			buildActionMask = 2147483647;
			files = (
				623615FC1D9064090024082F /* ViewController.m in Sources */,
				623615F91D9064090024082F /* AppDelegate.m in Sources */,
				623615F61D9064080024082F /* main.m in Sources */,
				6236160F1D907EA70024082F /* DetailViewController.m in Sources */,
			);
			runOnlyForDeploymentPostprocessing = 0;
		};
/* End PBXSourcesBuildPhase section */

/* Begin PBXVariantGroup section */
		623615FD1D9064090024082F /* Main.storyboard */ = {
			isa = PBXVariantGroup;
			children = (
				623615FE1D9064090024082F /* Base */,
			);
			name = Main.storyboard;
			sourceTree = "<group>";
		};
		623616021D9064090024082F /* LaunchScreen.storyboard */ = {
			isa = PBXVariantGroup;
			children = (
				623616031D9064090024082F /* Base */,
			);
			name = LaunchScreen.storyboard;
			sourceTree = "<group>";
		};
/* End PBXVariantGroup section */

/* Begin XCBuildConfiguration section */
		623616061D9064090024082F /* Debug */ = {
			isa = XCBuildConfiguration;
			buildSettings = {
				ALWAYS_SEARCH_USER_PATHS = NO;
				CLANG_ANALYZER_NONNULL = YES;
				CLANG_CXX_LANGUAGE_STANDARD = "gnu++0x";
				CLANG_CXX_LIBRARY = "libc++";
				CLANG_ENABLE_MODULES = YES;
				CLANG_ENABLE_OBJC_ARC = YES;
				CLANG_WARN_BOOL_CONVERSION = YES;
				CLANG_WARN_CONSTANT_CONVERSION = YES;
				CLANG_WARN_DIRECT_OBJC_ISA_USAGE = YES_ERROR;
				CLANG_WARN_EMPTY_BODY = YES;
				CLANG_WARN_ENUM_CONVERSION = YES;
				CLANG_WARN_INT_CONVERSION = YES;
				CLANG_WARN_OBJC_ROOT_CLASS = YES_ERROR;
				CLANG_WARN_UNREACHABLE_CODE = YES;
				CLANG_WARN__DUPLICATE_METHOD_MATCH = YES;
				"CODE_SIGN_IDENTITY[sdk=iphoneos*]" = "iPhone Developer";
				COPY_PHASE_STRIP = NO;
				DEBUG_INFORMATION_FORMAT = dwarf;
				ENABLE_STRICT_OBJC_MSGSEND = YES;
				ENABLE_TESTABILITY = YES;
				GCC_C_LANGUAGE_STANDARD = gnu99;
				GCC_DYNAMIC_NO_PIC = NO;
				GCC_NO_COMMON_BLOCKS = YES;
				GCC_OPTIMIZATION_LEVEL = 0;
				GCC_PREPROCESSOR_DEFINITIONS = (
					"DEBUG=1",
					"$(inherited)",
				);
				GCC_WARN_64_TO_32_BIT_CONVERSION = YES;
				GCC_WARN_ABOUT_RETURN_TYPE = YES_ERROR;
				GCC_WARN_UNDECLARED_SELECTOR = YES;
				GCC_WARN_UNINITIALIZED_AUTOS = YES_AGGRESSIVE;
				GCC_WARN_UNUSED_FUNCTION = YES;
				GCC_WARN_UNUSED_VARIABLE = YES;
				IPHONEOS_DEPLOYMENT_TARGET = 9.3;
				MTL_ENABLE_DEBUG_INFO = YES;
				ONLY_ACTIVE_ARCH = YES;
				SDKROOT = iphoneos;
			};
			name = Debug;
		};
		623616071D9064090024082F /* Release */ = {
			isa = XCBuildConfiguration;
			buildSettings = {
				ALWAYS_SEARCH_USER_PATHS = NO;
				CLANG_ANALYZER_NONNULL = YES;
				CLANG_CXX_LANGUAGE_STANDARD = "gnu++0x";
				CLANG_CXX_LIBRARY = "libc++";
				CLANG_ENABLE_MODULES = YES;
				CLANG_ENABLE_OBJC_ARC = YES;
				CLANG_WARN_BOOL_CONVERSION = YES;
				CLANG_WARN_CONSTANT_CONVERSION = YES;
				CLANG_WARN_DIRECT_OBJC_ISA_USAGE = YES_ERROR;
				CLANG_WARN_EMPTY_BODY = YES;
				CLANG_WARN_ENUM_CONVERSION = YES;
				CLANG_WARN_INT_CONVERSION = YES;
				CLANG_WARN_OBJC_ROOT_CLASS = YES_ERROR;
				CLANG_WARN_UNREACHABLE_CODE = YES;
				CLANG_WARN__DUPLICATE_METHOD_MATCH = YES;
				"CODE_SIGN_IDENTITY[sdk=iphoneos*]" = "iPhone Developer";
				COPY_PHASE_STRIP = NO;
				DEBUG_INFORMATION_FORMAT = "dwarf-with-dsym";
				ENABLE_NS_ASSERTIONS = NO;
				ENABLE_STRICT_OBJC_MSGSEND = YES;
				GCC_C_LANGUAGE_STANDARD = gnu99;
				GCC_NO_COMMON_BLOCKS = YES;
				GCC_WARN_64_TO_32_BIT_CONVERSION = YES;
				GCC_WARN_ABOUT_RETURN_TYPE = YES_ERROR;
				GCC_WARN_UNDECLARED_SELECTOR = YES;
				GCC_WARN_UNINITIALIZED_AUTOS = YES_AGGRESSIVE;
				GCC_WARN_UNUSED_FUNCTION = YES;
				GCC_WARN_UNUSED_VARIABLE = YES;
				IPHONEOS_DEPLOYMENT_TARGET = 9.3;
				MTL_ENABLE_DEBUG_INFO = NO;
				SDKROOT = iphoneos;
				VALIDATE_PRODUCT = YES;
			};
			name = Release;
		};
		623616091D9064090024082F /* Debug */ = {
			isa = XCBuildConfiguration;
			buildSettings = {
				ASSETCATALOG_COMPILER_APPICON_NAME = AppIcon;
				INFOPLIST_FILE = ScrollViewImageGalleries/Info.plist;
				LD_RUNPATH_SEARCH_PATHS = "$(inherited) @executable_path/Frameworks";
				PRODUCT_BUNDLE_IDENTIFIER = media.cornelius.ScrollViewImageGalleries;
				PRODUCT_NAME = "$(TARGET_NAME)";
			};
			name = Debug;
		};
		6236160A1D9064090024082F /* Release */ = {
			isa = XCBuildConfiguration;
			buildSettings = {
				ASSETCATALOG_COMPILER_APPICON_NAME = AppIcon;
				INFOPLIST_FILE = ScrollViewImageGalleries/Info.plist;
				LD_RUNPATH_SEARCH_PATHS = "$(inherited) @executable_path/Frameworks";
				PRODUCT_BUNDLE_IDENTIFIER = media.cornelius.ScrollViewImageGalleries;
				PRODUCT_NAME = "$(TARGET_NAME)";
			};
			name = Release;
		};
/* End XCBuildConfiguration section */

/* Begin XCConfigurationList section */
		623615EC1D9064080024082F /* Build configuration list for PBXProject "ScrollViewImageGalleries" */ = {
			isa = XCConfigurationList;
			buildConfigurations = (
				623616061D9064090024082F /* Debug */,
				623616071D9064090024082F /* Release */,
			);
			defaultConfigurationIsVisible = 0;
			defaultConfigurationName = Release;
		};
		623616081D9064090024082F /* Build configuration list for PBXNativeTarget "ScrollViewImageGalleries" */ = {
			isa = XCConfigurationList;
			buildConfigurations = (
				623616091D9064090024082F /* Debug */,
				6236160A1D9064090024082F /* Release */,
			);
			defaultConfigurationIsVisible = 0;
		};
/* End XCConfigurationList section */
	};
	rootObject = 623615E91D9064080024082F /* Project object */;
}
